
Microsoft Visual Studio Solution File, Format Version 12.00
# Visual Studio Version 17
VisualStudioVersion = 17.2.32505.173
MinimumVisualStudioVersion = 10.0.40219.1
Project("{FAE04EC0-301F-11D3-BF4B-00C04F79EFBC}") = "MaryleboneTest", "MaryleboneTest\MaryleboneTest.csproj", "{67DC2CED-61AA-4751-BC1D-318BA068B050}"
EndProject
Project("{FAE04EC0-301F-11D3-BF4B-00C04F79EFBC}") = "MaryleboneUnitTest", "MaryleboneUnitTest\MaryleboneUnitTest.csproj", "{BE5C0C96-11F6-452C-BE01-661F8F2B79AD}"
EndProject
Global
	GlobalSection(SolutionConfigurationPlatforms) = preSolution
		Debug|Any CPU = Debug|Any CPU
		Release|Any CPU = Release|Any CPU
	EndGlobalSection
	GlobalSection(ProjectConfigurationPlatforms) = postSolution
		{67DC2CED-61AA-4751-BC1D-318BA068B050}.Debug|Any CPU.ActiveCfg = Debug|Any CPU
		{67DC2CED-61AA-4751-BC1D-318BA068B050}.Debug|Any CPU.Build.0 = Debug|Any CPU
		{67DC2CED-61AA-4751-BC1D-318BA068B050}.Release|Any CPU.ActiveCfg = Release|Any CPU
		{67DC2CED-61AA-4751-BC1D-318BA068B050}.Release|Any CPU.Build.0 = Release|Any CPU
		{BE5C0C96-11F6-452C-BE01-661F8F2B79AD}.Debug|Any CPU.ActiveCfg = Debug|Any CPU
		{BE5C0C96-11F6-452C-BE01-661F8F2B79AD}.Debug|Any CPU.Build.0 = Debug|Any CPU
		{BE5C0C96-11F6-452C-BE01-661F8F2B79AD}.Release|Any CPU.ActiveCfg = Release|Any CPU
		{BE5C0C96-11F6-452C-BE01-661F8F2B79AD}.Release|Any CPU.Build.0 = Release|Any CPU
	EndGlobalSection
	GlobalSection(SolutionProperties) = preSolution
		HideSolutionNode = FALSE
	EndGlobalSection
	GlobalSection(ExtensibilityGlobals) = postSolution
		SolutionGuid = {1DA74B00-814F-44BF-8A25-0448C0894BBB}
	EndGlobalSection
EndGlobal
